
Microsoft Visual Studio Solution File, Format Version 12.00
# Visual Studio Version 17
VisualStudioVersion = 17.6.33723.286
MinimumVisualStudioVersion = 10.0.40219.1
Project("{FAE04EC0-301F-11D3-BF4B-00C04F79EFBC}") = "DiazFrontDeskApp", "DiazFrontDeskApp.csproj", "{30C04145-D748-4691-AD78-DFB9626A3228}"
EndProject
Global
	GlobalSection(SolutionConfigurationPlatforms) = preSolution
		Debug|Any CPU = Debug|Any CPU
		Release|Any CPU = Release|Any CPU
	EndGlobalSection
	GlobalSection(ProjectConfigurationPlatforms) = postSolution
		{30C04145-D748-4691-AD78-DFB9626A3228}.Debug|Any CPU.ActiveCfg = Debug|Any CPU
		{30C04145-D748-4691-AD78-DFB9626A3228}.Debug|Any CPU.Build.0 = Debug|Any CPU
		{30C04145-D748-4691-AD78-DFB9626A3228}.Release|Any CPU.ActiveCfg = Release|Any CPU
		{30C04145-D748-4691-AD78-DFB9626A3228}.Release|Any CPU.Build.0 = Release|Any CPU
	EndGlobalSection
	GlobalSection(SolutionProperties) = preSolution
		HideSolutionNode = FALSE
	EndGlobalSection
	GlobalSection(ExtensibilityGlobals) = postSolution
		SolutionGuid = {61F73A09-8063-45BD-939D-E42F4468EC2F}
	EndGlobalSection
EndGlobal
